
Microsoft Visual Studio Solution File, Format Version 12.00
# Visual Studio Version 17
VisualStudioVersion = 17.11.35327.3
MinimumVisualStudioVersion = 10.0.40219.1
Project("{FAE04EC0-301F-11D3-BF4B-00C04F79EFBC}") = "RockPaperScissors", "RockPaperScissors\RockPaperScissors.csproj", "{E7CF61A3-770E-4B5E-A8A9-4AF8849B4F21}"
EndProject
Global
	GlobalSection(SolutionConfigurationPlatforms) = preSolution
		Debug|Any CPU = Debug|Any CPU
		Release|Any CPU = Release|Any CPU
	EndGlobalSection
	GlobalSection(ProjectConfigurationPlatforms) = postSolution
		{E7CF61A3-770E-4B5E-A8A9-4AF8849B4F21}.Debug|Any CPU.ActiveCfg = Debug|Any CPU
		{E7CF61A3-770E-4B5E-A8A9-4AF8849B4F21}.Debug|Any CPU.Build.0 = Debug|Any CPU
		{E7CF61A3-770E-4B5E-A8A9-4AF8849B4F21}.Release|Any CPU.ActiveCfg = Release|Any CPU
		{E7CF61A3-770E-4B5E-A8A9-4AF8849B4F21}.Release|Any CPU.Build.0 = Release|Any CPU
	EndGlobalSection
	GlobalSection(SolutionProperties) = preSolution
		HideSolutionNode = FALSE
	EndGlobalSection
	GlobalSection(ExtensibilityGlobals) = postSolution
		SolutionGuid = {0DFBD893-1D71-4E45-872B-B782827CCDB6}
	EndGlobalSection
EndGlobal
